
Microsoft Visual Studio Solution File, Format Version 12.00
# Visual Studio Version 17
VisualStudioVersion = 17.9.34622.214
MinimumVisualStudioVersion = 10.0.40219.1
Project("{FAE04EC0-301F-11D3-BF4B-00C04F79EFBC}") = "Torneio de tenis", "Torneio de tenis.csproj", "{D56C22C0-86EF-43EB-9EBA-73BF45F0207D}"
EndProject
Global
	GlobalSection(SolutionConfigurationPlatforms) = preSolution
		Debug|Any CPU = Debug|Any CPU
		Release|Any CPU = Release|Any CPU
	EndGlobalSection
	GlobalSection(ProjectConfigurationPlatforms) = postSolution
		{D56C22C0-86EF-43EB-9EBA-73BF45F0207D}.Debug|Any CPU.ActiveCfg = Debug|Any CPU
		{D56C22C0-86EF-43EB-9EBA-73BF45F0207D}.Debug|Any CPU.Build.0 = Debug|Any CPU
		{D56C22C0-86EF-43EB-9EBA-73BF45F0207D}.Release|Any CPU.ActiveCfg = Release|Any CPU
		{D56C22C0-86EF-43EB-9EBA-73BF45F0207D}.Release|Any CPU.Build.0 = Release|Any CPU
	EndGlobalSection
	GlobalSection(SolutionProperties) = preSolution
		HideSolutionNode = FALSE
	EndGlobalSection
	GlobalSection(ExtensibilityGlobals) = postSolution
		SolutionGuid = {ACA9D1CF-5B80-4A31-A6DA-0B5476A457A6}
	EndGlobalSection
EndGlobal
